
Microsoft Visual Studio Solution File, Format Version 12.00
# Visual Studio Version 17
VisualStudioVersion = 17.9.34723.18
MinimumVisualStudioVersion = 10.0.40219.1
Project("{FAE04EC0-301F-11D3-BF4B-00C04F79EFBC}") = "GorProj", "GorProj\GorProj.csproj", "{FC20E55A-5AC6-4328-A9BF-CCBFC91A0DF2}"
EndProject
Global
	GlobalSection(SolutionConfigurationPlatforms) = preSolution
		Debug|Any CPU = Debug|Any CPU
		Release|Any CPU = Release|Any CPU
	EndGlobalSection
	GlobalSection(ProjectConfigurationPlatforms) = postSolution
		{FC20E55A-5AC6-4328-A9BF-CCBFC91A0DF2}.Debug|Any CPU.ActiveCfg = Debug|Any CPU
		{FC20E55A-5AC6-4328-A9BF-CCBFC91A0DF2}.Debug|Any CPU.Build.0 = Debug|Any CPU
		{FC20E55A-5AC6-4328-A9BF-CCBFC91A0DF2}.Release|Any CPU.ActiveCfg = Release|Any CPU
		{FC20E55A-5AC6-4328-A9BF-CCBFC91A0DF2}.Release|Any CPU.Build.0 = Release|Any CPU
	EndGlobalSection
	GlobalSection(SolutionProperties) = preSolution
		HideSolutionNode = FALSE
	EndGlobalSection
	GlobalSection(ExtensibilityGlobals) = postSolution
		SolutionGuid = {5AE54515-39D5-49DF-B2A9-75175E3DA712}
	EndGlobalSection
EndGlobal
